{
  "object": {
    "pins": [
      {
        "package": "GenesysCloudMessengerTransport",
        "repositoryURL": "https://github.com/MyPureCloud/mm-genesyscloudmessengertransport-spm.git",
        "state": {
          "branch": null,
          "revision": "56ab3b8e3673b54f447ec22116a45a24d9c0f4d6",
          "version": "2.8.5"
        }
      },
      {
        "package": "GenesysCloudCore",
        "repositoryURL": "https://github.com/MyPureCloud/mobile-messenger-genesyscloudcore-spm-dev.git",
        "state": {
          "branch": null,
          "revision": "e5ff281e100d3b7e5bc0693c679d64f240816a46",
          "version": "0.0.2"
        }
      }
    ]
  },
  "version": 1
}
