{
  "object": {
    "pins": [
      {
        "package": "GenesysCloudMessengerTransport",
        "repositoryURL": "https://github.com/MyPureCloud/mm-genesyscloudmessengertransport-spm-dev.git",
        "state": {
          "branch": null,
          "revision": "dc1868a11d6e06d6fd2f801d6f24bf6d5e832ed1",
          "version": "2.9.0-rc6"
        }
      },
      {
        "package": "GenesysCloudCore",
        "repositoryURL": "https://github.com/MyPureCloud/mobile-messenger-genesyscloudcore-spm-dev.git",
        "state": {
          "branch": null,
          "revision": "aba61d77cf22a452a7e14c6ea92ffb6a2b657452",
          "version": "1.16.0"
        }
      }
    ]
  },
  "version": 1
}
