{
  "object": {
    "pins": [
      {
        "package": "GenesysCloudMessengerTransport",
        "repositoryURL": "https://github.com/MyPureCloud/mm-genesyscloudmessengertransport-spm.git",
        "state": {
          "branch": null,
          "revision": "92a518545372677dc7bec938da16131b38e6630f",
          "version": "2.9.1"
        }
      },
      {
        "package": "GenesysCloudCore",
        "repositoryURL": "https://github.com/MyPureCloud/mobile-messenger-genesyscloudcore-spm-dev.git",
        "state": {
          "branch": null,
          "revision": "c35791e5ee328622253136f2f6b2ea1d146cd3a2",
          "version": "1.16.0"
        }
      }
    ]
  },
  "version": 1
}
